
Microsoft Visual Studio Solution File, Format Version 12.00
# Visual Studio Version 17
VisualStudioVersion = 17.1.32210.238
MinimumVisualStudioVersion = 10.0.40219.1
Project("{9A19103F-16F7-4668-BE54-9A1E7A4F7556}") = "WebAdhesivoDian", "WebAdhesivoDian\WebAdhesivoDian.csproj", "{A94C92DF-EA57-4A78-A76F-7482E8106504}"
EndProject
Global
	GlobalSection(SolutionConfigurationPlatforms) = preSolution
		Debug|Any CPU = Debug|Any CPU
		Release|Any CPU = Release|Any CPU
	EndGlobalSection
	GlobalSection(ProjectConfigurationPlatforms) = postSolution
		{A94C92DF-EA57-4A78-A76F-7482E8106504}.Debug|Any CPU.ActiveCfg = Debug|Any CPU
		{A94C92DF-EA57-4A78-A76F-7482E8106504}.Debug|Any CPU.Build.0 = Debug|Any CPU
		{A94C92DF-EA57-4A78-A76F-7482E8106504}.Release|Any CPU.ActiveCfg = Release|Any CPU
		{A94C92DF-EA57-4A78-A76F-7482E8106504}.Release|Any CPU.Build.0 = Release|Any CPU
	EndGlobalSection
	GlobalSection(SolutionProperties) = preSolution
		HideSolutionNode = FALSE
	EndGlobalSection
	GlobalSection(ExtensibilityGlobals) = postSolution
		SolutionGuid = {7B84432B-080F-4183-A728-9D7482E6BEF9}
	EndGlobalSection
	GlobalSection(TeamFoundationVersionControl) = preSolution
		SccNumberOfProjects = 2
		SccEnterpriseProvider = {4CA58AB2-18FA-4F8D-95D4-32DDF27D184C}
		SccTeamFoundationServer = http://10.20.100.234:8080/tfs/defaultcollection
		SccLocalPath0 = .
		SccProjectUniqueName1 = WebAdhesivoDian\\WebAdhesivoDian.csproj
		SccProjectName1 = WebAdhesivoDian
		SccLocalPath1 = WebAdhesivoDian
	EndGlobalSection
EndGlobal
